Microsoft Visual Studio Solution File, Format Version 12.00
# Visual Studio Version 17
Project("{FAE04EC0-301F-11D3-BF4B-00C04F79EFBC}") = "ProdControlAV.Tests", "tests\\ProdControlAV.Tests\\ProdControlAV.Tests.csproj", "{13A6BBC5-132B-42C2-82D5-81E75875402F}"
EndProject
Project("{FAE04EC0-301F-11D3-BF4B-00C04F79EFBC}") = "ProdControlAV.Infrastructure", "src\\ProdControlAV.Infrastructure\\ProdControlAV.Infrastructure.csproj", "{FF58D76D-6228-40B6-9419-859CC37EC904}"
EndProject
Project("{FAE04EC0-301F-11D3-BF4B-00C04F79EFBC}") = "ProdControlAV.Core", "src\\ProdControlAV.Core\\ProdControlAV.Core.csproj", "{3F19202E-C1CE-4D6F-B4FF-4054C934E016}"
EndProject
Project("{FAE04EC0-301F-11D3-BF4B-00C04F79EFBC}") = "ProdControlAV.WebApp", "src\\ProdControlAV.WebApp\\ProdControlAV.WebApp.csproj", "{2688852F-AF3A-48DB-B6AC-D7631BB3CD04}"
EndProject
Project("{FAE04EC0-301F-11D3-BF4B-00C04F79EFBC}") = "ProdControlAV.API", "src\ProdControlAV.API\ProdControlAV.API.csproj", "{53AD9532-3331-4D5C-82C3-21B27EDBA3F8}"
EndProject
Project("{FAE04EC0-301F-11D3-BF4B-00C04F79EFBC}") = "ProdControlAV.Agent", "src\ProdControlAV.Agent\ProdControlAV.Agent.csproj", "{A6AE9CDC-C982-498D-AE08-F7771738342C}"
EndProject
Project("{2150E333-8FDC-42A3-9474-1A3956D46DE8}") = "Scripts_Deployments", "Scripts_Deployments", "{2CB5E39C-5C61-4C97-9310-E57542FF072F}"
	ProjectSection(SolutionItems) = preProject
		Dockerfile = Dockerfile
	EndProjectSection
EndProject
Global
	GlobalSection(ProjectConfigurationPlatforms) = postSolution
		{3F19202E-C1CE-4D6F-B4FF-4054C934E016}.Debug|Any CPU.ActiveCfg = Debug|Any CPU
		{3F19202E-C1CE-4D6F-B4FF-4054C934E016}.Debug|Any CPU.Build.0 = Debug|Any CPU
		{3F19202E-C1CE-4D6F-B4FF-4054C934E016}.Release|Any CPU.ActiveCfg = Release|Any CPU
		{3F19202E-C1CE-4D6F-B4FF-4054C934E016}.Release|Any CPU.Build.0 = Release|Any CPU
		{FF58D76D-6228-40B6-9419-859CC37EC904}.Debug|Any CPU.ActiveCfg = Debug|Any CPU
		{FF58D76D-6228-40B6-9419-859CC37EC904}.Debug|Any CPU.Build.0 = Debug|Any CPU
		{FF58D76D-6228-40B6-9419-859CC37EC904}.Release|Any CPU.ActiveCfg = Release|Any CPU
		{FF58D76D-6228-40B6-9419-859CC37EC904}.Release|Any CPU.Build.0 = Release|Any CPU
		{13A6BBC5-132B-42C2-82D5-81E75875402F}.Debug|Any CPU.ActiveCfg = Debug|Any CPU
		{13A6BBC5-132B-42C2-82D5-81E75875402F}.Debug|Any CPU.Build.0 = Debug|Any CPU
		{13A6BBC5-132B-42C2-82D5-81E75875402F}.Release|Any CPU.ActiveCfg = Release|Any CPU
		{13A6BBC5-132B-42C2-82D5-81E75875402F}.Release|Any CPU.Build.0 = Release|Any CPU
		{2688852F-AF3A-48DB-B6AC-D7631BB3CD04}.Debug|Any CPU.ActiveCfg = Debug|Any CPU
		{2688852F-AF3A-48DB-B6AC-D7631BB3CD04}.Debug|Any CPU.Build.0 = Debug|Any CPU
		{2688852F-AF3A-48DB-B6AC-D7631BB3CD04}.Release|Any CPU.ActiveCfg = Release|Any CPU
		{2688852F-AF3A-48DB-B6AC-D7631BB3CD04}.Release|Any CPU.Build.0 = Release|Any CPU
		{53AD9532-3331-4D5C-82C3-21B27EDBA3F8}.Debug|Any CPU.ActiveCfg = Debug|Any CPU
		{53AD9532-3331-4D5C-82C3-21B27EDBA3F8}.Debug|Any CPU.Build.0 = Debug|Any CPU
		{53AD9532-3331-4D5C-82C3-21B27EDBA3F8}.Release|Any CPU.ActiveCfg = Release|Any CPU
		{53AD9532-3331-4D5C-82C3-21B27EDBA3F8}.Release|Any CPU.Build.0 = Release|Any CPU
		{E2B1A337-633A-48CB-8D2C-0DE6B0C1DBB3}.Debug|Any CPU.ActiveCfg = Debug|Any CPU
		{E2B1A337-633A-48CB-8D2C-0DE6B0C1DBB3}.Debug|Any CPU.Build.0 = Debug|Any CPU
		{E2B1A337-633A-48CB-8D2C-0DE6B0C1DBB3}.Release|Any CPU.ActiveCfg = Release|Any CPU
		{E2B1A337-633A-48CB-8D2C-0DE6B0C1DBB3}.Release|Any CPU.Build.0 = Release|Any CPU
		{A6AE9CDC-C982-498D-AE08-F7771738342C}.Debug|Any CPU.ActiveCfg = Debug|Any CPU
		{A6AE9CDC-C982-498D-AE08-F7771738342C}.Debug|Any CPU.Build.0 = Debug|Any CPU
		{A6AE9CDC-C982-498D-AE08-F7771738342C}.Release|Any CPU.ActiveCfg = Release|Any CPU
		{A6AE9CDC-C982-498D-AE08-F7771738342C}.Release|Any CPU.Build.0 = Release|Any CPU
	EndGlobalSection
	GlobalSection(SolutionConfigurationPlatforms) = preSolution
		Debug|Any CPU = Debug|Any CPU
		Release|Any CPU = Release|Any CPU
	EndGlobalSection
EndGlobal
